
Microsoft Visual Studio Solution File, Format Version 12.00
# Visual Studio Version 17
VisualStudioVersion = 17.7.34031.279
MinimumVisualStudioVersion = 10.0.40219.1
Project("{FAE04EC0-301F-11D3-BF4B-00C04F79EFBC}") = "TPFormes", "TPFormes\TPFormes.csproj", "{7F097190-620E-4E17-BB0C-A452589BB71A}"
EndProject
Global
	GlobalSection(SolutionConfigurationPlatforms) = preSolution
		Debug|Any CPU = Debug|Any CPU
		Release|Any CPU = Release|Any CPU
	EndGlobalSection
	GlobalSection(ProjectConfigurationPlatforms) = postSolution
		{7F097190-620E-4E17-BB0C-A452589BB71A}.Debug|Any CPU.ActiveCfg = Debug|Any CPU
		{7F097190-620E-4E17-BB0C-A452589BB71A}.Debug|Any CPU.Build.0 = Debug|Any CPU
		{7F097190-620E-4E17-BB0C-A452589BB71A}.Release|Any CPU.ActiveCfg = Release|Any CPU
		{7F097190-620E-4E17-BB0C-A452589BB71A}.Release|Any CPU.Build.0 = Release|Any CPU
	EndGlobalSection
	GlobalSection(SolutionProperties) = preSolution
		HideSolutionNode = FALSE
	EndGlobalSection
	GlobalSection(ExtensibilityGlobals) = postSolution
		SolutionGuid = {FE4F447F-9CA3-4084-9E69-B037AB46F539}
	EndGlobalSection
EndGlobal
